# !.ADDITION-PRE-BLOCK
# !.提前拦截（包括浏览器在内的应用不可访问）

payload:
  # >.SMART INPUT PRO
  - DOMAIN-SUFFIX,xiaolvpuzi.cn
  - IP-CIDR,139.196.20.59/32,no-resolve
  - IP-CIDR,47.102.221.152/32,no-resolve

  # >.GITKRAKEN
  - DOMAIN-SUFFIX,release.gitkraken.com
  
  # >.HOSTBUF (FinalShell)
  - DOMAIN-SUFFIX,youtusoft.com
  - DOMAIN-SUFFIX,hostbuf.com
  - DOMAIN-SUFFIX,dkys.org
  - DOMAIN-SUFFIX,tcpspeed.com
  - DOMAIN-SUFFIX,wn1998.com

  # >.IMTIP / FOR BLOCKING UPDATE
  - PROCESS-NAME,ImTip.exe
  - PROCESS-NAME,aardio.exe

  # >. ELSE
  - DOMAIN-REGEX,^[a-z]{1}iss[a-z]{2}\..*
  - DOMAIN-REGEX,^[a-z]{1}a[a-z]{1}db\..*
  - DOMAIN-REGEX,^[a-z]{1}a[a-z]{1}le\..*
  - DOMAIN-REGEX,^th[a-z]{5}du[a-z]{2}\..*
  - DOMAIN-REGEX,^[w]{3}\.\d{3}[a-z]{1}a[a-z]{1}\..*
  - DOMAIN-REGEX,^[a-z]{3}bj[a-z]{3}\..*
  - DOMAIN-SUFFIX,adobe.io
  - DOMAIN-SUFFIX,adobestats.io
  - DOMAIN-SUFFIX,hstatic.io